// !$*UTF8*$!
{
	archiveVersion = 1;
	classes = {
	};
	objectVersion = 50;
	objects = {

/* Begin PBXBuildFile section */
		3466A15C24B3B27F00CB3937 /* README.md in Resources */ = {isa = PBXBuildFile; fileRef = 3466A15B24B3B27F00CB3937 /* README.md */; };
		348B3E8724B25D6200DF556C /* PhotosApp.swift in Sources */ = {isa = PBXBuildFile; fileRef = 348B3E7424B25D6100DF556C /* PhotosApp.swift */; };
		348B3E8824B25D6200DF556C /* PhotosApp.swift in Sources */ = {isa = PBXBuildFile; fileRef = 348B3E7424B25D6100DF556C /* PhotosApp.swift */; };
		348B3E8924B25D6200DF556C /* ContentView.swift in Sources */ = {isa = PBXBuildFile; fileRef = 348B3E7524B25D6100DF556C /* ContentView.swift */; };
		348B3E8A24B25D6200DF556C /* ContentView.swift in Sources */ = {isa = PBXBuildFile; fileRef = 348B3E7524B25D6100DF556C /* ContentView.swift */; };
		348B3E8B24B25D6200DF556C /* Assets.xcassets in Resources */ = {isa = PBXBuildFile; fileRef = 348B3E7624B25D6200DF556C /* Assets.xcassets */; };
		348B3E8C24B25D6200DF556C /* Assets.xcassets in Resources */ = {isa = PBXBuildFile; fileRef = 348B3E7624B25D6200DF556C /* Assets.xcassets */; };
		348B3E9624B25DAB00DF556C /* PhotosWrappedLayout.swift in Sources */ = {isa = PBXBuildFile; fileRef = 348B3E9524B25DAB00DF556C /* PhotosWrappedLayout.swift */; };
		348B3E9724B25DAB00DF556C /* PhotosWrappedLayout.swift in Sources */ = {isa = PBXBuildFile; fileRef = 348B3E9524B25DAB00DF556C /* PhotosWrappedLayout.swift */; };
		348B3EB224B271E800DF556C /* LibImage.swift in Sources */ = {isa = PBXBuildFile; fileRef = 348B3EB124B271E800DF556C /* LibImage.swift */; };
		348B3EB324B271E800DF556C /* LibImage.swift in Sources */ = {isa = PBXBuildFile; fileRef = 348B3EB124B271E800DF556C /* LibImage.swift */; };
/* End PBXBuildFile section */

/* Begin PBXFileReference section */
		3466A15B24B3B27F00CB3937 /* README.md */ = {isa = PBXFileReference; fileEncoding = 4; lastKnownFileType = net.daringfireball.markdown; path = README.md; sourceTree = "<group>"; };
		348B3E7424B25D6100DF556C /* PhotosApp.swift */ = {isa = PBXFileReference; lastKnownFileType = sourcecode.swift; path = PhotosApp.swift; sourceTree = "<group>"; };
		348B3E7524B25D6100DF556C /* ContentView.swift */ = {isa = PBXFileReference; lastKnownFileType = sourcecode.swift; path = ContentView.swift; sourceTree = "<group>"; };
		348B3E7624B25D6200DF556C /* Assets.xcassets */ = {isa = PBXFileReference; lastKnownFileType = folder.assetcatalog; path = Assets.xcassets; sourceTree = "<group>"; };
		348B3E7B24B25D6200DF556C /* PhotosApp.app */ = {isa = PBXFileReference; explicitFileType = wrapper.application; includeInIndex = 0; path = PhotosApp.app; sourceTree = BUILT_PRODUCTS_DIR; };
		348B3E7E24B25D6200DF556C /* Info.plist */ = {isa = PBXFileReference; lastKnownFileType = text.plist.xml; path = Info.plist; sourceTree = "<group>"; };
		348B3E8324B25D6200DF556C /* PhotosApp.app */ = {isa = PBXFileReference; explicitFileType = wrapper.application; includeInIndex = 0; path = PhotosApp.app; sourceTree = BUILT_PRODUCTS_DIR; };
		348B3E8524B25D6200DF556C /* Info.plist */ = {isa = PBXFileReference; lastKnownFileType = text.plist.xml; path = Info.plist; sourceTree = "<group>"; };
		348B3E8624B25D6200DF556C /* macOS.entitlements */ = {isa = PBXFileReference; lastKnownFileType = text.plist.entitlements; path = macOS.entitlements; sourceTree = "<group>"; };
		348B3E9524B25DAB00DF556C /* PhotosWrappedLayout.swift */ = {isa = PBXFileReference; lastKnownFileType = sourcecode.swift; path = PhotosWrappedLayout.swift; sourceTree = "<group>"; };
		348B3EB124B271E800DF556C /* LibImage.swift */ = {isa = PBXFileReference; lastKnownFileType = sourcecode.swift; path = LibImage.swift; sourceTree = "<group>"; };
/* End PBXFileReference section */

/* Begin PBXFrameworksBuildPhase section */
		348B3E7824B25D6200DF556C /* Frameworks */ = {
			isa = PBXFrameworksBuildPhase;
			buildActionMask = 2147483647;
			files = (
			);
			runOnlyForDeploymentPostprocessing = 0;
		};
		348B3E8024B25D6200DF556C /* Frameworks */ = {
			isa = PBXFrameworksBuildPhase;
			buildActionMask = 2147483647;
			files = (
			);
			runOnlyForDeploymentPostprocessing = 0;
		};
/* End PBXFrameworksBuildPhase section */

/* Begin PBXGroup section */
		348B3E6E24B25D6000DF556C = {
			isa = PBXGroup;
			children = (
				3466A15B24B3B27F00CB3937 /* README.md */,
				348B3E7D24B25D6200DF556C /* iOS */,
				348B3E8424B25D6200DF556C /* macOS */,
				348B3E7C24B25D6200DF556C /* Products */,
				348B3E7324B25D6000DF556C /* Shared */,
			);
			sourceTree = "<group>";
		};
		348B3E7324B25D6000DF556C /* Shared */ = {
			isa = PBXGroup;
			children = (
				348B3E7424B25D6100DF556C /* PhotosApp.swift */,
				348B3E7524B25D6100DF556C /* ContentView.swift */,
				348B3E7624B25D6200DF556C /* Assets.xcassets */,
				348B3E9524B25DAB00DF556C /* PhotosWrappedLayout.swift */,
				348B3EB124B271E800DF556C /* LibImage.swift */,
			);
			path = Shared;
			sourceTree = "<group>";
		};
		348B3E7C24B25D6200DF556C /* Products */ = {
			isa = PBXGroup;
			children = (
				348B3E7B24B25D6200DF556C /* PhotosApp.app */,
				348B3E8324B25D6200DF556C /* PhotosApp.app */,
			);
			name = Products;
			sourceTree = "<group>";
		};
		348B3E7D24B25D6200DF556C /* iOS */ = {
			isa = PBXGroup;
			children = (
				348B3E7E24B25D6200DF556C /* Info.plist */,
			);
			path = iOS;
			sourceTree = "<group>";
		};
		348B3E8424B25D6200DF556C /* macOS */ = {
			isa = PBXGroup;
			children = (
				348B3E8524B25D6200DF556C /* Info.plist */,
				348B3E8624B25D6200DF556C /* macOS.entitlements */,
			);
			path = macOS;
			sourceTree = "<group>";
		};
/* End PBXGroup section */

/* Begin PBXNativeTarget section */
		348B3E7A24B25D6200DF556C /* iOS */ = {
			isa = PBXNativeTarget;
			buildConfigurationList = 348B3E8F24B25D6200DF556C /* Build configuration list for PBXNativeTarget "iOS" */;
			buildPhases = (
				348B3E7724B25D6200DF556C /* Sources */,
				348B3E7824B25D6200DF556C /* Frameworks */,
				348B3E7924B25D6200DF556C /* Resources */,
			);
			buildRules = (
			);
			dependencies = (
			);
			name = iOS;
			productName = iOS;
			productReference = 348B3E7B24B25D6200DF556C /* PhotosApp.app */;
			productType = "com.apple.product-type.application";
		};
		348B3E8224B25D6200DF556C /* macOS */ = {
			isa = PBXNativeTarget;
			buildConfigurationList = 348B3E9224B25D6200DF556C /* Build configuration list for PBXNativeTarget "macOS" */;
			buildPhases = (
				348B3E7F24B25D6200DF556C /* Sources */,
				348B3E8024B25D6200DF556C /* Frameworks */,
				348B3E8124B25D6200DF556C /* Resources */,
			);
			buildRules = (
			);
			dependencies = (
			);
			name = macOS;
			productName = macOS;
			productReference = 348B3E8324B25D6200DF556C /* PhotosApp.app */;
			productType = "com.apple.product-type.application";
		};
/* End PBXNativeTarget section */

/* Begin PBXProject section */
		348B3E6F24B25D6000DF556C /* Project object */ = {
			isa = PBXProject;
			attributes = {
				LastSwiftUpdateCheck = 1200;
				LastUpgradeCheck = 1200;
				TargetAttributes = {
					348B3E7A24B25D6200DF556C = {
						CreatedOnToolsVersion = 12.0;
					};
					348B3E8224B25D6200DF556C = {
						CreatedOnToolsVersion = 12.0;
					};
				};
			};
			buildConfigurationList = 348B3E7224B25D6000DF556C /* Build configuration list for PBXProject "PhotosApp" */;
			compatibilityVersion = "Xcode 9.3";
			developmentRegion = en;
			hasScannedForEncodings = 0;
			knownRegions = (
				en,
				Base,
			);
			mainGroup = 348B3E6E24B25D6000DF556C;
			productRefGroup = 348B3E7C24B25D6200DF556C /* Products */;
			projectDirPath = "";
			projectRoot = "";
			targets = (
				348B3E7A24B25D6200DF556C /* iOS */,
				348B3E8224B25D6200DF556C /* macOS */,
			);
		};
/* End PBXProject section */

/* Begin PBXResourcesBuildPhase section */
		348B3E7924B25D6200DF556C /* Resources */ = {
			isa = PBXResourcesBuildPhase;
			buildActionMask = 2147483647;
			files = (
				3466A15C24B3B27F00CB3937 /* README.md in Resources */,
				348B3E8B24B25D6200DF556C /* Assets.xcassets in Resources */,
			);
			runOnlyForDeploymentPostprocessing = 0;
		};
		348B3E8124B25D6200DF556C /* Resources */ = {
			isa = PBXResourcesBuildPhase;
			buildActionMask = 2147483647;
			files = (
				348B3E8C24B25D6200DF556C /* Assets.xcassets in Resources */,
			);
			runOnlyForDeploymentPostprocessing = 0;
		};
/* End PBXResourcesBuildPhase section */

/* Begin PBXSourcesBuildPhase section */
		348B3E7724B25D6200DF556C /* Sources */ = {
			isa = PBXSourcesBuildPhase;
			buildActionMask = 2147483647;
			files = (
				348B3E9624B25DAB00DF556C /* PhotosWrappedLayout.swift in Sources */,
				348B3E8924B25D6200DF556C /* ContentView.swift in Sources */,
				348B3E8724B25D6200DF556C /* PhotosApp.swift in Sources */,
				348B3EB224B271E800DF556C /* LibImage.swift in Sources */,
			);
			runOnlyForDeploymentPostprocessing = 0;
		};
		348B3E7F24B25D6200DF556C /* Sources */ = {
			isa = PBXSourcesBuildPhase;
			buildActionMask = 2147483647;
			files = (
				348B3E9724B25DAB00DF556C /* PhotosWrappedLayout.swift in Sources */,
				348B3E8A24B25D6200DF556C /* ContentView.swift in Sources */,
				348B3E8824B25D6200DF556C /* PhotosApp.swift in Sources */,
				348B3EB324B271E800DF556C /* LibImage.swift in Sources */,
			);
			runOnlyForDeploymentPostprocessing = 0;
		};
/* End PBXSourcesBuildPhase section */

/* Begin XCBuildConfiguration section */
		348B3E8D24B25D6200DF556C /* Debug */ = {
			isa = XCBuildConfiguration;
			buildSettings = {
				ALWAYS_SEARCH_USER_PATHS = NO;
				CLANG_ANALYZER_NONNULL = YES;
				CLANG_ANALYZER_NUMBER_OBJECT_CONVERSION = YES_AGGRESSIVE;
				CLANG_CXX_LANGUAGE_STANDARD = "gnu++14";
				CLANG_CXX_LIBRARY = "libc++";
				CLANG_ENABLE_MODULES = YES;
				CLANG_ENABLE_OBJC_ARC = YES;
				CLANG_ENABLE_OBJC_WEAK = YES;
				CLANG_WARN_BLOCK_CAPTURE_AUTORELEASING = YES;
				CLANG_WARN_BOOL_CONVERSION = YES;
				CLANG_WARN_COMMA = YES;
				CLANG_WARN_CONSTANT_CONVERSION = YES;
				CLANG_WARN_DEPRECATED_OBJC_IMPLEMENTATIONS = YES;
				CLANG_WARN_DIRECT_OBJC_ISA_USAGE = YES_ERROR;
				CLANG_WARN_DOCUMENTATION_COMMENTS = YES;
				CLANG_WARN_EMPTY_BODY = YES;
				CLANG_WARN_ENUM_CONVERSION = YES;
				CLANG_WARN_INFINITE_RECURSION = YES;
				CLANG_WARN_INT_CONVERSION = YES;
				CLANG_WARN_NON_LITERAL_NULL_CONVERSION = YES;
				CLANG_WARN_OBJC_IMPLICIT_RETAIN_SELF = YES;
				CLANG_WARN_OBJC_LITERAL_CONVERSION = YES;
				CLANG_WARN_OBJC_ROOT_CLASS = YES_ERROR;
				CLANG_WARN_QUOTED_INCLUDE_IN_FRAMEWORK_HEADER = YES;
				CLANG_WARN_RANGE_LOOP_ANALYSIS = YES;
				CLANG_WARN_STRICT_PROTOTYPES = YES;
				CLANG_WARN_SUSPICIOUS_MOVE = YES;
				CLANG_WARN_UNGUARDED_AVAILABILITY = YES_AGGRESSIVE;
				CLANG_WARN_UNREACHABLE_CODE = YES;
				CLANG_WARN__DUPLICATE_METHOD_MATCH = YES;
				COPY_PHASE_STRIP = NO;
				DEBUG_INFORMATION_FORMAT = dwarf;
				ENABLE_STRICT_OBJC_MSGSEND = YES;
				ENABLE_TESTABILITY = YES;
				GCC_C_LANGUAGE_STANDARD = gnu11;
				GCC_DYNAMIC_NO_PIC = NO;
				GCC_NO_COMMON_BLOCKS = YES;
				GCC_OPTIMIZATION_LEVEL = 0;
				GCC_PREPROCESSOR_DEFINITIONS = (
					"DEBUG=1",
					"$(inherited)",
				);
				GCC_WARN_64_TO_32_BIT_CONVERSION = YES;
				GCC_WARN_ABOUT_RETURN_TYPE = YES_ERROR;
				GCC_WARN_UNDECLARED_SELECTOR = YES;
				GCC_WARN_UNINITIALIZED_AUTOS = YES_AGGRESSIVE;
				GCC_WARN_UNUSED_FUNCTION = YES;
				GCC_WARN_UNUSED_VARIABLE = YES;
				MTL_ENABLE_DEBUG_INFO = INCLUDE_SOURCE;
				MTL_FAST_MATH = YES;
				ONLY_ACTIVE_ARCH = YES;
				SWIFT_ACTIVE_COMPILATION_CONDITIONS = DEBUG;
				SWIFT_OPTIMIZATION_LEVEL = "-Onone";
			};
			name = Debug;
		};
		348B3E8E24B25D6200DF556C /* Release */ = {
			isa = XCBuildConfiguration;
			buildSettings = {
				ALWAYS_SEARCH_USER_PATHS = NO;
				CLANG_ANALYZER_NONNULL = YES;
				CLANG_ANALYZER_NUMBER_OBJECT_CONVERSION = YES_AGGRESSIVE;
				CLANG_CXX_LANGUAGE_STANDARD = "gnu++14";
				CLANG_CXX_LIBRARY = "libc++";
				CLANG_ENABLE_MODULES = YES;
				CLANG_ENABLE_OBJC_ARC = YES;
				CLANG_ENABLE_OBJC_WEAK = YES;
				CLANG_WARN_BLOCK_CAPTURE_AUTORELEASING = YES;
				CLANG_WARN_BOOL_CONVERSION = YES;
				CLANG_WARN_COMMA = YES;
				CLANG_WARN_CONSTANT_CONVERSION = YES;
				CLANG_WARN_DEPRECATED_OBJC_IMPLEMENTATIONS = YES;
				CLANG_WARN_DIRECT_OBJC_ISA_USAGE = YES_ERROR;
				CLANG_WARN_DOCUMENTATION_COMMENTS = YES;
				CLANG_WARN_EMPTY_BODY = YES;
				CLANG_WARN_ENUM_CONVERSION = YES;
				CLANG_WARN_INFINITE_RECURSION = YES;
				CLANG_WARN_INT_CONVERSION = YES;
				CLANG_WARN_NON_LITERAL_NULL_CONVERSION = YES;
				CLANG_WARN_OBJC_IMPLICIT_RETAIN_SELF = YES;
				CLANG_WARN_OBJC_LITERAL_CONVERSION = YES;
				CLANG_WARN_OBJC_ROOT_CLASS = YES_ERROR;
				CLANG_WARN_QUOTED_INCLUDE_IN_FRAMEWORK_HEADER = YES;
				CLANG_WARN_RANGE_LOOP_ANALYSIS = YES;
				CLANG_WARN_STRICT_PROTOTYPES = YES;
				CLANG_WARN_SUSPICIOUS_MOVE = YES;
				CLANG_WARN_UNGUARDED_AVAILABILITY = YES_AGGRESSIVE;
				CLANG_WARN_UNREACHABLE_CODE = YES;
				CLANG_WARN__DUPLICATE_METHOD_MATCH = YES;
				COPY_PHASE_STRIP = NO;
				DEBUG_INFORMATION_FORMAT = "dwarf-with-dsym";
				ENABLE_NS_ASSERTIONS = NO;
				ENABLE_STRICT_OBJC_MSGSEND = YES;
				GCC_C_LANGUAGE_STANDARD = gnu11;
				GCC_NO_COMMON_BLOCKS = YES;
				GCC_WARN_64_TO_32_BIT_CONVERSION = YES;
				GCC_WARN_ABOUT_RETURN_TYPE = YES_ERROR;
				GCC_WARN_UNDECLARED_SELECTOR = YES;
				GCC_WARN_UNINITIALIZED_AUTOS = YES_AGGRESSIVE;
				GCC_WARN_UNUSED_FUNCTION = YES;
				GCC_WARN_UNUSED_VARIABLE = YES;
				MTL_ENABLE_DEBUG_INFO = NO;
				MTL_FAST_MATH = YES;
				SWIFT_COMPILATION_MODE = wholemodule;
				SWIFT_OPTIMIZATION_LEVEL = "-O";
			};
			name = Release;
		};
		348B3E9024B25D6200DF556C /* Debug */ = {
			isa = XCBuildConfiguration;
			buildSettings = {
				ASSETCATALOG_COMPILER_APPICON_NAME = AppIcon;
				ASSETCATALOG_COMPILER_GLOBAL_ACCENT_COLOR_NAME = AccentColor;
				CODE_SIGN_STYLE = Automatic;
				DEVELOPMENT_TEAM = 87KNVHZ8C7;
				ENABLE_PREVIEWS = YES;
				INFOPLIST_FILE = iOS/Info.plist;
				IPHONEOS_DEPLOYMENT_TARGET = 14.0;
				LD_RUNPATH_SEARCH_PATHS = (
					"$(inherited)",
					"@executable_path/Frameworks",
				);
				PRODUCT_BUNDLE_IDENTIFIER = de.juliankahnert.PhotosApp;
				PRODUCT_NAME = PhotosApp;
				SDKROOT = iphoneos;
				SWIFT_VERSION = 5.0;
				TARGETED_DEVICE_FAMILY = "1,2";
			};
			name = Debug;
		};
		348B3E9124B25D6200DF556C /* Release */ = {
			isa = XCBuildConfiguration;
			buildSettings = {
				ASSETCATALOG_COMPILER_APPICON_NAME = AppIcon;
				ASSETCATALOG_COMPILER_GLOBAL_ACCENT_COLOR_NAME = AccentColor;
				CODE_SIGN_STYLE = Automatic;
				DEVELOPMENT_TEAM = 87KNVHZ8C7;
				ENABLE_PREVIEWS = YES;
				INFOPLIST_FILE = iOS/Info.plist;
				IPHONEOS_DEPLOYMENT_TARGET = 14.0;
				LD_RUNPATH_SEARCH_PATHS = (
					"$(inherited)",
					"@executable_path/Frameworks",
				);
				PRODUCT_BUNDLE_IDENTIFIER = de.juliankahnert.PhotosApp;
				PRODUCT_NAME = PhotosApp;
				SDKROOT = iphoneos;
				SWIFT_VERSION = 5.0;
				TARGETED_DEVICE_FAMILY = "1,2";
				VALIDATE_PRODUCT = YES;
			};
			name = Release;
		};
		348B3E9324B25D6200DF556C /* Debug */ = {
			isa = XCBuildConfiguration;
			buildSettings = {
				ASSETCATALOG_COMPILER_APPICON_NAME = AppIcon;
				ASSETCATALOG_COMPILER_GLOBAL_ACCENT_COLOR_NAME = AccentColor;
				CODE_SIGN_ENTITLEMENTS = macOS/macOS.entitlements;
				CODE_SIGN_STYLE = Automatic;
				COMBINE_HIDPI_IMAGES = YES;
				DEVELOPMENT_TEAM = 87KNVHZ8C7;
				ENABLE_HARDENED_RUNTIME = YES;
				ENABLE_PREVIEWS = YES;
				INFOPLIST_FILE = macOS/Info.plist;
				LD_RUNPATH_SEARCH_PATHS = (
					"$(inherited)",
					"@executable_path/../Frameworks",
				);
				MACOSX_DEPLOYMENT_TARGET = 10.16;
				PRODUCT_BUNDLE_IDENTIFIER = de.juliankahnert.PhotosApp;
				PRODUCT_NAME = PhotosApp;
				SDKROOT = macosx;
				SWIFT_VERSION = 5.0;
			};
			name = Debug;
		};
		348B3E9424B25D6200DF556C /* Release */ = {
			isa = XCBuildConfiguration;
			buildSettings = {
				ASSETCATALOG_COMPILER_APPICON_NAME = AppIcon;
				ASSETCATALOG_COMPILER_GLOBAL_ACCENT_COLOR_NAME = AccentColor;
				CODE_SIGN_ENTITLEMENTS = macOS/macOS.entitlements;
				CODE_SIGN_STYLE = Automatic;
				COMBINE_HIDPI_IMAGES = YES;
				DEVELOPMENT_TEAM = 87KNVHZ8C7;
				ENABLE_HARDENED_RUNTIME = YES;
				ENABLE_PREVIEWS = YES;
				INFOPLIST_FILE = macOS/Info.plist;
				LD_RUNPATH_SEARCH_PATHS = (
					"$(inherited)",
					"@executable_path/../Frameworks",
				);
				MACOSX_DEPLOYMENT_TARGET = 10.16;
				PRODUCT_BUNDLE_IDENTIFIER = de.juliankahnert.PhotosApp;
				PRODUCT_NAME = PhotosApp;
				SDKROOT = macosx;
				SWIFT_VERSION = 5.0;
			};
			name = Release;
		};
/* End XCBuildConfiguration section */

/* Begin XCConfigurationList section */
		348B3E7224B25D6000DF556C /* Build configuration list for PBXProject "PhotosApp" */ = {
			isa = XCConfigurationList;
			buildConfigurations = (
				348B3E8D24B25D6200DF556C /* Debug */,
				348B3E8E24B25D6200DF556C /* Release */,
			);
			defaultConfigurationIsVisible = 0;
			defaultConfigurationName = Release;
		};
		348B3E8F24B25D6200DF556C /* Build configuration list for PBXNativeTarget "iOS" */ = {
			isa = XCConfigurationList;
			buildConfigurations = (
				348B3E9024B25D6200DF556C /* Debug */,
				348B3E9124B25D6200DF556C /* Release */,
			);
			defaultConfigurationIsVisible = 0;
			defaultConfigurationName = Release;
		};
		348B3E9224B25D6200DF556C /* Build configuration list for PBXNativeTarget "macOS" */ = {
			isa = XCConfigurationList;
			buildConfigurations = (
				348B3E9324B25D6200DF556C /* Debug */,
				348B3E9424B25D6200DF556C /* Release */,
			);
			defaultConfigurationIsVisible = 0;
			defaultConfigurationName = Release;
		};
/* End XCConfigurationList section */
	};
	rootObject = 348B3E6F24B25D6000DF556C /* Project object */;
}
